
Microsoft Visual Studio Solution File, Format Version 12.00
# Visual Studio Version 16
VisualStudioVersion = 16.0.29709.97
MinimumVisualStudioVersion = 10.0.40219.1
Project("{FAE04EC0-301F-11D3-BF4B-00C04F79EFBC}") = "database", "database\database.csproj", "{FEF63A19-3412-4235-BD50-5AF0FBC489B4}"
EndProject
Global
	GlobalSection(SolutionConfigurationPlatforms) = preSolution
		Debug|Any CPU = Debug|Any CPU
		Release|Any CPU = Release|Any CPU
	EndGlobalSection
	GlobalSection(ProjectConfigurationPlatforms) = postSolution
		{FEF63A19-3412-4235-BD50-5AF0FBC489B4}.Debug|Any CPU.ActiveCfg = Debug|Any CPU
		{FEF63A19-3412-4235-BD50-5AF0FBC489B4}.Debug|Any CPU.Build.0 = Debug|Any CPU
		{FEF63A19-3412-4235-BD50-5AF0FBC489B4}.Release|Any CPU.ActiveCfg = Release|Any CPU
		{FEF63A19-3412-4235-BD50-5AF0FBC489B4}.Release|Any CPU.Build.0 = Release|Any CPU
	EndGlobalSection
	GlobalSection(SolutionProperties) = preSolution
		HideSolutionNode = FALSE
	EndGlobalSection
	GlobalSection(ExtensibilityGlobals) = postSolution
		SolutionGuid = {31D782CD-9D0E-4ACC-B8D0-D8D38F1DD0E6}
	EndGlobalSection
EndGlobal
